# This file was autogenerated by uv via the following command:
#    uv pip compile pyproject.toml --extra dev --extra backtrader -o requirements-dev.lock --python-version 3.11
aiosqlite==0.22.1
    # via ai-for-trader-backend (pyproject.toml)
alembic==1.18.4
    # via ai-for-trader-backend (pyproject.toml)
annotated-doc==0.0.4
    # via fastapi
annotated-types==0.7.0
    # via pydantic
anyio==4.13.0
    # via
    #   httpx
    #   starlette
    #   watchfiles
apscheduler==3.11.2
    # via ai-for-trader-backend (pyproject.toml)
ast-serialize==0.5.0
    # via mypy
backtrader==1.9.78.123
    # via ai-for-trader-backend (pyproject.toml)
bcrypt==5.0.0
    # via passlib
certifi==2026.4.22
    # via
    #   httpcore
    #   httpx
cffi==2.0.0
    # via cryptography
click==8.4.0
    # via uvicorn
cryptography==48.0.0
    # via python-jose
deprecated==1.3.1
    # via limits
dnspython==2.8.0
    # via email-validator
ecdsa==0.19.2
    # via python-jose
email-validator==2.3.0
    # via ai-for-trader-backend (pyproject.toml)
execnet==2.1.2
    # via pytest-xdist
fastapi==0.136.1
    # via ai-for-trader-backend (pyproject.toml)
fincore==0.3.0
    # via ai-for-trader-backend (pyproject.toml)
greenlet==3.5.0
    # via sqlalchemy
h11==0.16.0
    # via
    #   httpcore
    #   uvicorn
httpcore==1.0.9
    # via httpx
httptools==0.7.1
    # via uvicorn
httpx==0.28.1
    # via ai-for-trader-backend (pyproject.toml)
idna==3.15
    # via
    #   anyio
    #   email-validator
    #   httpx
iniconfig==2.3.0
    # via pytest
jinja2==3.1.6
    # via ai-for-trader-backend (pyproject.toml)
librt==0.11.0
    # via mypy
limits==5.8.0
    # via slowapi
loguru==0.7.3
    # via ai-for-trader-backend (pyproject.toml)
mako==1.3.12
    # via alembic
markupsafe==3.0.3
    # via
    #   jinja2
    #   mako
mypy==2.1.0
    # via ai-for-trader-backend (pyproject.toml)
mypy-extensions==1.1.0
    # via mypy
mysql-connector-python==9.7.0
    # via ai-for-trader-backend (pyproject.toml)
numpy==2.4.6
    # via
    #   ai-for-trader-backend (pyproject.toml)
    #   fincore
    #   pandas
    #   scipy
packaging==26.2
    # via
    #   fincore
    #   limits
    #   pytest
pandas==3.0.3
    # via
    #   ai-for-trader-backend (pyproject.toml)
    #   fincore
passlib==1.7.4
    # via ai-for-trader-backend (pyproject.toml)
pathspec==1.1.1
    # via mypy
pluggy==1.6.0
    # via pytest
pyasn1==0.6.3
    # via
    #   python-jose
    #   rsa
pycparser==3.0
    # via cffi
pydantic==2.13.4
    # via
    #   ai-for-trader-backend (pyproject.toml)
    #   fastapi
    #   pydantic-settings
pydantic-core==2.46.4
    # via pydantic
pydantic-settings==2.14.1
    # via ai-for-trader-backend (pyproject.toml)
pygments==2.20.0
    # via pytest
pytest==9.0.3
    # via
    #   ai-for-trader-backend (pyproject.toml)
    #   pytest-asyncio
    #   pytest-timeout
    #   pytest-xdist
pytest-asyncio==1.3.0
    # via ai-for-trader-backend (pyproject.toml)
pytest-timeout==2.4.0
    # via ai-for-trader-backend (pyproject.toml)
pytest-xdist==3.8.0
    # via ai-for-trader-backend (pyproject.toml)
python-dateutil==2.9.0.post0
    # via pandas
python-dotenv==1.2.2
    # via
    #   pydantic-settings
    #   uvicorn
python-jose==3.5.0
    # via ai-for-trader-backend (pyproject.toml)
python-multipart==0.0.29
    # via ai-for-trader-backend (pyproject.toml)
pytz==2026.2
    # via fincore
pyyaml==6.0.3
    # via
    #   ai-for-trader-backend (pyproject.toml)
    #   uvicorn
rsa==4.9.1
    # via python-jose
ruff==0.15.13
    # via ai-for-trader-backend (pyproject.toml)
scipy==1.17.1
    # via fincore
six==1.17.0
    # via
    #   ecdsa
    #   python-dateutil
slowapi==0.1.9
    # via ai-for-trader-backend (pyproject.toml)
sqlalchemy==2.0.49
    # via
    #   ai-for-trader-backend (pyproject.toml)
    #   alembic
starlette==1.0.1
    # via fastapi
typing-extensions==4.15.0
    # via
    #   alembic
    #   anyio
    #   fastapi
    #   limits
    #   mypy
    #   pydantic
    #   pydantic-core
    #   pytest-asyncio
    #   sqlalchemy
    #   starlette
    #   typing-inspection
typing-inspection==0.4.2
    # via
    #   fastapi
    #   pydantic
    #   pydantic-settings
tzlocal==5.3.1
    # via apscheduler
uvicorn==0.47.0
    # via ai-for-trader-backend (pyproject.toml)
uvloop==0.22.1
    # via uvicorn
watchfiles==1.2.0
    # via uvicorn
websockets==16.0
    # via uvicorn
wrapt==2.1.2
    # via deprecated
